
Microsoft Visual Studio Solution File, Format Version 12.00
# Visual Studio 15
VisualStudioVersion = 15.0.26430.15
MinimumVisualStudioVersion = 10.0.40219.1
Project("{9A19103F-16F7-4668-BE54-9A1E7A4F7556}") = "protobuf-net", "protobuf-net\protobuf-net.csproj", "{3044FAAC-6DCC-44AA-ADAF-26152FF46922}"
EndProject
Project("{9A19103F-16F7-4668-BE54-9A1E7A4F7556}") = "protobuf-net.Reflection", "protobuf-net.Reflection\protobuf-net.Reflection.csproj", "{EDA3DD64-F60F-40C3-AEA2-8AFDA67AD32D}"
EndProject
Project("{9A19103F-16F7-4668-BE54-9A1E7A4F7556}") = "protogen", "protogen\protogen.csproj", "{54DD70D6-D607-4C55-9236-45F69F3D63A8}"
EndProject
Global
	GlobalSection(SolutionConfigurationPlatforms) = preSolution
		Debug|Any CPU = Debug|Any CPU
		Release|Any CPU = Release|Any CPU
	EndGlobalSection
	GlobalSection(ProjectConfigurationPlatforms) = postSolution
		{3044FAAC-6DCC-44AA-ADAF-26152FF46922}.Debug|Any CPU.ActiveCfg = Debug|Any CPU
		{3044FAAC-6DCC-44AA-ADAF-26152FF46922}.Debug|Any CPU.Build.0 = Debug|Any CPU
		{3044FAAC-6DCC-44AA-ADAF-26152FF46922}.Release|Any CPU.ActiveCfg = Release|Any CPU
		{3044FAAC-6DCC-44AA-ADAF-26152FF46922}.Release|Any CPU.Build.0 = Release|Any CPU
		{EDA3DD64-F60F-40C3-AEA2-8AFDA67AD32D}.Debug|Any CPU.ActiveCfg = Debug|Any CPU
		{EDA3DD64-F60F-40C3-AEA2-8AFDA67AD32D}.Debug|Any CPU.Build.0 = Debug|Any CPU
		{EDA3DD64-F60F-40C3-AEA2-8AFDA67AD32D}.Release|Any CPU.ActiveCfg = Release|Any CPU
		{EDA3DD64-F60F-40C3-AEA2-8AFDA67AD32D}.Release|Any CPU.Build.0 = Release|Any CPU
		{54DD70D6-D607-4C55-9236-45F69F3D63A8}.Debug|Any CPU.ActiveCfg = Debug|Any CPU
		{54DD70D6-D607-4C55-9236-45F69F3D63A8}.Debug|Any CPU.Build.0 = Debug|Any CPU
		{54DD70D6-D607-4C55-9236-45F69F3D63A8}.Release|Any CPU.ActiveCfg = Release|Any CPU
		{54DD70D6-D607-4C55-9236-45F69F3D63A8}.Release|Any CPU.Build.0 = Release|Any CPU
	EndGlobalSection
	GlobalSection(SolutionProperties) = preSolution
		HideSolutionNode = FALSE
	EndGlobalSection
EndGlobal
